
Microsoft Visual Studio Solution File, Format Version 12.00
# Visual Studio Version 16
VisualStudioVersion = 16.0.29102.190
MinimumVisualStudioVersion = 10.0.40219.1
Project("{FAE04EC0-301F-11D3-BF4B-00C04F79EFBC}") = "BackgroundJobs", "BackgroundJobs\BackgroundJobs.csproj", "{3E6DC7EA-305B-4A24-97BF-AE35BD2DD68A}"
EndProject
Project("{FAE04EC0-301F-11D3-BF4B-00C04F79EFBC}") = "ReportingWebApp", "ReportingWebApp\ReportingWebApp.csproj", "{79510CD4-BC45-457F-8A86-0E1AF01E9A2B}"
EndProject
Project("{FAE04EC0-301F-11D3-BF4B-00C04F79EFBC}") = "WebJobSdk", "WebJobSdk\WebJobSdk.csproj", "{7819D8A3-C555-45E0-894E-54904C63D97D}"
EndProject
Global
	GlobalSection(SolutionConfigurationPlatforms) = preSolution
		Debug|Any CPU = Debug|Any CPU
		Release|Any CPU = Release|Any CPU
	EndGlobalSection
	GlobalSection(ProjectConfigurationPlatforms) = postSolution
		{3E6DC7EA-305B-4A24-97BF-AE35BD2DD68A}.Debug|Any CPU.ActiveCfg = Debug|Any CPU
		{3E6DC7EA-305B-4A24-97BF-AE35BD2DD68A}.Debug|Any CPU.Build.0 = Debug|Any CPU
		{3E6DC7EA-305B-4A24-97BF-AE35BD2DD68A}.Release|Any CPU.ActiveCfg = Release|Any CPU
		{3E6DC7EA-305B-4A24-97BF-AE35BD2DD68A}.Release|Any CPU.Build.0 = Release|Any CPU
		{79510CD4-BC45-457F-8A86-0E1AF01E9A2B}.Debug|Any CPU.ActiveCfg = Debug|Any CPU
		{79510CD4-BC45-457F-8A86-0E1AF01E9A2B}.Debug|Any CPU.Build.0 = Debug|Any CPU
		{79510CD4-BC45-457F-8A86-0E1AF01E9A2B}.Release|Any CPU.ActiveCfg = Release|Any CPU
		{79510CD4-BC45-457F-8A86-0E1AF01E9A2B}.Release|Any CPU.Build.0 = Release|Any CPU
		{7819D8A3-C555-45E0-894E-54904C63D97D}.Debug|Any CPU.ActiveCfg = Debug|Any CPU
		{7819D8A3-C555-45E0-894E-54904C63D97D}.Debug|Any CPU.Build.0 = Debug|Any CPU
		{7819D8A3-C555-45E0-894E-54904C63D97D}.Release|Any CPU.ActiveCfg = Release|Any CPU
		{7819D8A3-C555-45E0-894E-54904C63D97D}.Release|Any CPU.Build.0 = Release|Any CPU
	EndGlobalSection
	GlobalSection(SolutionProperties) = preSolution
		HideSolutionNode = FALSE
	EndGlobalSection
	GlobalSection(ExtensibilityGlobals) = postSolution
		SolutionGuid = {779E1DAD-17F3-4133-8E51-755E84A5A9E2}
	EndGlobalSection
EndGlobal
